
Microsoft Visual Studio Solution File, Format Version 12.00
# Visual Studio Version 17
VisualStudioVersion = 17.7.34024.191
MinimumVisualStudioVersion = 10.0.40219.1
Project("{FAE04EC0-301F-11D3-BF4B-00C04F79EFBC}") = "Shows4.App", "Shows4.App\Shows4.App.csproj", "{DA68206E-C9DC-4E63-843F-04110F20BAAB}"
EndProject
Global
	GlobalSection(SolutionConfigurationPlatforms) = preSolution
		Debug|Any CPU = Debug|Any CPU
		Release|Any CPU = Release|Any CPU
	EndGlobalSection
	GlobalSection(ProjectConfigurationPlatforms) = postSolution
		{DA68206E-C9DC-4E63-843F-04110F20BAAB}.Debug|Any CPU.ActiveCfg = Debug|Any CPU
		{DA68206E-C9DC-4E63-843F-04110F20BAAB}.Debug|Any CPU.Build.0 = Debug|Any CPU
		{DA68206E-C9DC-4E63-843F-04110F20BAAB}.Release|Any CPU.ActiveCfg = Release|Any CPU
		{DA68206E-C9DC-4E63-843F-04110F20BAAB}.Release|Any CPU.Build.0 = Release|Any CPU
	EndGlobalSection
	GlobalSection(SolutionProperties) = preSolution
		HideSolutionNode = FALSE
	EndGlobalSection
	GlobalSection(ExtensibilityGlobals) = postSolution
		SolutionGuid = {02BFCC2D-E937-4C36-B6C0-6DAE6F3170C3}
	EndGlobalSection
EndGlobal
